
Microsoft Visual Studio Solution File, Format Version 12.00
# Visual Studio 15
VisualStudioVersion = 15.0.27130.2020
MinimumVisualStudioVersion = 10.0.40219.1
Project("{FAE04EC0-301F-11D3-BF4B-00C04F79EFBC}") = "DesignPattern", "DesignPattern\DesignPattern.csproj", "{67501C66-E7BC-4ABA-AE14-4D3AE3A3BCC3}"
EndProject
Global
	GlobalSection(SolutionConfigurationPlatforms) = preSolution
		Debug|Any CPU = Debug|Any CPU
		Release|Any CPU = Release|Any CPU
	EndGlobalSection
	GlobalSection(ProjectConfigurationPlatforms) = postSolution
		{67501C66-E7BC-4ABA-AE14-4D3AE3A3BCC3}.Debug|Any CPU.ActiveCfg = Debug|Any CPU
		{67501C66-E7BC-4ABA-AE14-4D3AE3A3BCC3}.Debug|Any CPU.Build.0 = Debug|Any CPU
		{67501C66-E7BC-4ABA-AE14-4D3AE3A3BCC3}.Release|Any CPU.ActiveCfg = Release|Any CPU
		{67501C66-E7BC-4ABA-AE14-4D3AE3A3BCC3}.Release|Any CPU.Build.0 = Release|Any CPU
	EndGlobalSection
	GlobalSection(SolutionProperties) = preSolution
		HideSolutionNode = FALSE
	EndGlobalSection
	GlobalSection(ExtensibilityGlobals) = postSolution
		SolutionGuid = {50A76810-40A4-4D63-AFBA-3E2349B32BE5}
	EndGlobalSection
EndGlobal
